
Microsoft Visual Studio Solution File, Format Version 12.00
# Visual Studio 15
VisualStudioVersion = 15.0.27703.2042
MinimumVisualStudioVersion = 10.0.40219.1
Project("{FAE04EC0-301F-11D3-BF4B-00C04F79EFBC}") = "FlatArray", "FlatArray\FlatArray.csproj", "{607A2461-DEEA-42E6-822A-CEF62653BDE4}"
EndProject
Project("{FAE04EC0-301F-11D3-BF4B-00C04F79EFBC}") = "UnitTests", "UnitTests\UnitTests.csproj", "{7B65B791-0356-4A69-9280-CB82842A88EF}"
EndProject
Global
	GlobalSection(SolutionConfigurationPlatforms) = preSolution
		Debug|Any CPU = Debug|Any CPU
		Release|Any CPU = Release|Any CPU
	EndGlobalSection
	GlobalSection(ProjectConfigurationPlatforms) = postSolution
		{607A2461-DEEA-42E6-822A-CEF62653BDE4}.Debug|Any CPU.ActiveCfg = Debug|Any CPU
		{607A2461-DEEA-42E6-822A-CEF62653BDE4}.Debug|Any CPU.Build.0 = Debug|Any CPU
		{607A2461-DEEA-42E6-822A-CEF62653BDE4}.Release|Any CPU.ActiveCfg = Release|Any CPU
		{607A2461-DEEA-42E6-822A-CEF62653BDE4}.Release|Any CPU.Build.0 = Release|Any CPU
		{7B65B791-0356-4A69-9280-CB82842A88EF}.Debug|Any CPU.ActiveCfg = Debug|Any CPU
		{7B65B791-0356-4A69-9280-CB82842A88EF}.Debug|Any CPU.Build.0 = Debug|Any CPU
		{7B65B791-0356-4A69-9280-CB82842A88EF}.Release|Any CPU.ActiveCfg = Release|Any CPU
		{7B65B791-0356-4A69-9280-CB82842A88EF}.Release|Any CPU.Build.0 = Release|Any CPU
	EndGlobalSection
	GlobalSection(SolutionProperties) = preSolution
		HideSolutionNode = FALSE
	EndGlobalSection
	GlobalSection(ExtensibilityGlobals) = postSolution
		SolutionGuid = {191ED0A2-20D4-40A0-8C7D-69C30C28818E}
	EndGlobalSection
EndGlobal
